
Microsoft Visual Studio Solution File, Format Version 12.00
# Visual Studio Version 16
VisualStudioVersion = 16.0.31729.503
MinimumVisualStudioVersion = 10.0.40219.1
Project("{FAE04EC0-301F-11D3-BF4B-00C04F79EFBC}") = "WDDNp1", "WDDNp1\WDDNp1.csproj", "{A8610A48-353E-402F-9590-FA62620CFDCE}"
EndProject
Global
	GlobalSection(SolutionConfigurationPlatforms) = preSolution
		Debug|Any CPU = Debug|Any CPU
		Release|Any CPU = Release|Any CPU
	EndGlobalSection
	GlobalSection(ProjectConfigurationPlatforms) = postSolution
		{A8610A48-353E-402F-9590-FA62620CFDCE}.Debug|Any CPU.ActiveCfg = Debug|Any CPU
		{A8610A48-353E-402F-9590-FA62620CFDCE}.Debug|Any CPU.Build.0 = Debug|Any CPU
		{A8610A48-353E-402F-9590-FA62620CFDCE}.Release|Any CPU.ActiveCfg = Release|Any CPU
		{A8610A48-353E-402F-9590-FA62620CFDCE}.Release|Any CPU.Build.0 = Release|Any CPU
	EndGlobalSection
	GlobalSection(SolutionProperties) = preSolution
		HideSolutionNode = FALSE
	EndGlobalSection
	GlobalSection(ExtensibilityGlobals) = postSolution
		SolutionGuid = {C34AE5EA-A9C5-4036-9ABD-3CA5AC56B10B}
	EndGlobalSection
EndGlobal
